
Microsoft Visual Studio Solution File, Format Version 12.00
# Visual Studio Version 16
VisualStudioVersion = 16.0.31729.503
MinimumVisualStudioVersion = 10.0.40219.1
Project("{FAE04EC0-301F-11D3-BF4B-00C04F79EFBC}") = "CurvesAndLines", "CurvesAndLines\CurvesAndLines.csproj", "{28EDD586-F83E-4AE7-B601-617673997C09}"
EndProject
Global
	GlobalSection(SolutionConfigurationPlatforms) = preSolution
		Debug|Any CPU = Debug|Any CPU
		Release|Any CPU = Release|Any CPU
	EndGlobalSection
	GlobalSection(ProjectConfigurationPlatforms) = postSolution
		{28EDD586-F83E-4AE7-B601-617673997C09}.Debug|Any CPU.ActiveCfg = Debug|Any CPU
		{28EDD586-F83E-4AE7-B601-617673997C09}.Debug|Any CPU.Build.0 = Debug|Any CPU
		{28EDD586-F83E-4AE7-B601-617673997C09}.Release|Any CPU.ActiveCfg = Release|Any CPU
		{28EDD586-F83E-4AE7-B601-617673997C09}.Release|Any CPU.Build.0 = Release|Any CPU
	EndGlobalSection
	GlobalSection(SolutionProperties) = preSolution
		HideSolutionNode = FALSE
	EndGlobalSection
	GlobalSection(ExtensibilityGlobals) = postSolution
		SolutionGuid = {F46868A0-5DD1-4270-80E6-66CD756483FB}
	EndGlobalSection
EndGlobal
